// !$*UTF8*$!
{
	archiveVersion = 1;
	classes = {
	};
	objectVersion = 60;
	objects = {

/* Begin PBXBuildFile section */
		F592B2F72BD7A474000A1815 /* AuthFeature in Embed Frameworks */ = {isa = PBXBuildFile; productRef = F5C407732BD7806F00BF81F2 /* AuthFeature */; settings = {ATTRIBUTES = (CodeSignOnCopy, ); }; };
		F5C407452BD6CA5900BF81F2 /* sevchat_appApp.swift in Sources */ = {isa = PBXBuildFile; fileRef = F5C407442BD6CA5900BF81F2 /* sevchat_appApp.swift */; };
		F5C407472BD6CA5900BF81F2 /* ContentView.swift in Sources */ = {isa = PBXBuildFile; fileRef = F5C407462BD6CA5900BF81F2 /* ContentView.swift */; };
		F5C407492BD6CA5A00BF81F2 /* Assets.xcassets in Resources */ = {isa = PBXBuildFile; fileRef = F5C407482BD6CA5A00BF81F2 /* Assets.xcassets */; };
		F5C4074C2BD6CA5A00BF81F2 /* Preview Assets.xcassets in Resources */ = {isa = PBXBuildFile; fileRef = F5C4074B2BD6CA5A00BF81F2 /* Preview Assets.xcassets */; };
		F5C407562BD6CA5A00BF81F2 /* sevchat_appTests.swift in Sources */ = {isa = PBXBuildFile; fileRef = F5C407552BD6CA5A00BF81F2 /* sevchat_appTests.swift */; };
		F5C407602BD6CA5A00BF81F2 /* sevchat_appUITests.swift in Sources */ = {isa = PBXBuildFile; fileRef = F5C4075F2BD6CA5A00BF81F2 /* sevchat_appUITests.swift */; };
		F5C407622BD6CA5A00BF81F2 /* sevchat_appUITestsLaunchTests.swift in Sources */ = {isa = PBXBuildFile; fileRef = F5C407612BD6CA5A00BF81F2 /* sevchat_appUITestsLaunchTests.swift */; };
		F5C407742BD7806F00BF81F2 /* AuthFeature in Frameworks */ = {isa = PBXBuildFile; productRef = F5C407732BD7806F00BF81F2 /* AuthFeature */; };
/* End PBXBuildFile section */

/* Begin PBXContainerItemProxy section */
		F5C407522BD6CA5A00BF81F2 /* PBXContainerItemProxy */ = {
			isa = PBXContainerItemProxy;
			containerPortal = F5C407392BD6CA5900BF81F2 /* Project object */;
			proxyType = 1;
			remoteGlobalIDString = F5C407402BD6CA5900BF81F2;
			remoteInfo = "sevchat-app";
		};
		F5C4075C2BD6CA5A00BF81F2 /* PBXContainerItemProxy */ = {
			isa = PBXContainerItemProxy;
			containerPortal = F5C407392BD6CA5900BF81F2 /* Project object */;
			proxyType = 1;
			remoteGlobalIDString = F5C407402BD6CA5900BF81F2;
			remoteInfo = "sevchat-app";
		};
/* End PBXContainerItemProxy section */

/* Begin PBXCopyFilesBuildPhase section */
		F592B2F82BD7A474000A1815 /* Embed Frameworks */ = {
			isa = PBXCopyFilesBuildPhase;
			buildActionMask = 2147483647;
			dstPath = "";
			dstSubfolderSpec = 10;
			files = (
				F592B2F72BD7A474000A1815 /* AuthFeature in Embed Frameworks */,
			);
			name = "Embed Frameworks";
			runOnlyForDeploymentPostprocessing = 0;
		};
/* End PBXCopyFilesBuildPhase section */

/* Begin PBXFileReference section */
		F592B2F62BD7A31B000A1815 /* Info.plist */ = {isa = PBXFileReference; lastKnownFileType = text.plist; path = Info.plist; sourceTree = "<group>"; };
		F5C407412BD6CA5900BF81F2 /* sevchat-app.app */ = {isa = PBXFileReference; explicitFileType = wrapper.application; includeInIndex = 0; path = "sevchat-app.app"; sourceTree = BUILT_PRODUCTS_DIR; };
		F5C407442BD6CA5900BF81F2 /* sevchat_appApp.swift */ = {isa = PBXFileReference; lastKnownFileType = sourcecode.swift; path = sevchat_appApp.swift; sourceTree = "<group>"; };
		F5C407462BD6CA5900BF81F2 /* ContentView.swift */ = {isa = PBXFileReference; lastKnownFileType = sourcecode.swift; path = ContentView.swift; sourceTree = "<group>"; };
		F5C407482BD6CA5A00BF81F2 /* Assets.xcassets */ = {isa = PBXFileReference; lastKnownFileType = folder.assetcatalog; path = Assets.xcassets; sourceTree = "<group>"; };
		F5C4074B2BD6CA5A00BF81F2 /* Preview Assets.xcassets */ = {isa = PBXFileReference; lastKnownFileType = folder.assetcatalog; path = "Preview Assets.xcassets"; sourceTree = "<group>"; };
		F5C407512BD6CA5A00BF81F2 /* sevchat-appTests.xctest */ = {isa = PBXFileReference; explicitFileType = wrapper.cfbundle; includeInIndex = 0; path = "sevchat-appTests.xctest"; sourceTree = BUILT_PRODUCTS_DIR; };
		F5C407552BD6CA5A00BF81F2 /* sevchat_appTests.swift */ = {isa = PBXFileReference; lastKnownFileType = sourcecode.swift; path = sevchat_appTests.swift; sourceTree = "<group>"; };
		F5C4075B2BD6CA5A00BF81F2 /* sevchat-appUITests.xctest */ = {isa = PBXFileReference; explicitFileType = wrapper.cfbundle; includeInIndex = 0; path = "sevchat-appUITests.xctest"; sourceTree = BUILT_PRODUCTS_DIR; };
		F5C4075F2BD6CA5A00BF81F2 /* sevchat_appUITests.swift */ = {isa = PBXFileReference; lastKnownFileType = sourcecode.swift; path = sevchat_appUITests.swift; sourceTree = "<group>"; };
		F5C407612BD6CA5A00BF81F2 /* sevchat_appUITestsLaunchTests.swift */ = {isa = PBXFileReference; lastKnownFileType = sourcecode.swift; path = sevchat_appUITestsLaunchTests.swift; sourceTree = "<group>"; };
/* End PBXFileReference section */

/* Begin PBXFrameworksBuildPhase section */
		F5C4073E2BD6CA5900BF81F2 /* Frameworks */ = {
			isa = PBXFrameworksBuildPhase;
			buildActionMask = 2147483647;
			files = (
				F5C407742BD7806F00BF81F2 /* AuthFeature in Frameworks */,
			);
			runOnlyForDeploymentPostprocessing = 0;
		};
		F5C4074E2BD6CA5A00BF81F2 /* Frameworks */ = {
			isa = PBXFrameworksBuildPhase;
			buildActionMask = 2147483647;
			files = (
			);
			runOnlyForDeploymentPostprocessing = 0;
		};
		F5C407582BD6CA5A00BF81F2 /* Frameworks */ = {
			isa = PBXFrameworksBuildPhase;
			buildActionMask = 2147483647;
			files = (
			);
			runOnlyForDeploymentPostprocessing = 0;
		};
/* End PBXFrameworksBuildPhase section */

/* Begin PBXGroup section */
		F5C407382BD6CA5900BF81F2 = {
			isa = PBXGroup;
			children = (
				F5C407432BD6CA5900BF81F2 /* sevchat-app */,
				F5C407542BD6CA5A00BF81F2 /* sevchat-appTests */,
				F5C4075E2BD6CA5A00BF81F2 /* sevchat-appUITests */,
				F5C407422BD6CA5900BF81F2 /* Products */,
			);
			sourceTree = "<group>";
		};
		F5C407422BD6CA5900BF81F2 /* Products */ = {
			isa = PBXGroup;
			children = (
				F5C407412BD6CA5900BF81F2 /* sevchat-app.app */,
				F5C407512BD6CA5A00BF81F2 /* sevchat-appTests.xctest */,
				F5C4075B2BD6CA5A00BF81F2 /* sevchat-appUITests.xctest */,
			);
			name = Products;
			sourceTree = "<group>";
		};
		F5C407432BD6CA5900BF81F2 /* sevchat-app */ = {
			isa = PBXGroup;
			children = (
				F592B2F62BD7A31B000A1815 /* Info.plist */,
				F5C407442BD6CA5900BF81F2 /* sevchat_appApp.swift */,
				F5C407462BD6CA5900BF81F2 /* ContentView.swift */,
				F5C407482BD6CA5A00BF81F2 /* Assets.xcassets */,
				F5C4074A2BD6CA5A00BF81F2 /* Preview Content */,
			);
			path = "sevchat-app";
			sourceTree = "<group>";
		};
		F5C4074A2BD6CA5A00BF81F2 /* Preview Content */ = {
			isa = PBXGroup;
			children = (
				F5C4074B2BD6CA5A00BF81F2 /* Preview Assets.xcassets */,
			);
			path = "Preview Content";
			sourceTree = "<group>";
		};
		F5C407542BD6CA5A00BF81F2 /* sevchat-appTests */ = {
			isa = PBXGroup;
			children = (
				F5C407552BD6CA5A00BF81F2 /* sevchat_appTests.swift */,
			);
			path = "sevchat-appTests";
			sourceTree = "<group>";
		};
		F5C4075E2BD6CA5A00BF81F2 /* sevchat-appUITests */ = {
			isa = PBXGroup;
			children = (
				F5C4075F2BD6CA5A00BF81F2 /* sevchat_appUITests.swift */,
				F5C407612BD6CA5A00BF81F2 /* sevchat_appUITestsLaunchTests.swift */,
			);
			path = "sevchat-appUITests";
			sourceTree = "<group>";
		};
/* End PBXGroup section */

/* Begin PBXNativeTarget section */
		F5C407402BD6CA5900BF81F2 /* sevchat-app */ = {
			isa = PBXNativeTarget;
			buildConfigurationList = F5C407652BD6CA5A00BF81F2 /* Build configuration list for PBXNativeTarget "sevchat-app" */;
			buildPhases = (
				F5C4073D2BD6CA5900BF81F2 /* Sources */,
				F5C4073E2BD6CA5900BF81F2 /* Frameworks */,
				F5C4073F2BD6CA5900BF81F2 /* Resources */,
				F592B2F82BD7A474000A1815 /* Embed Frameworks */,
			);
			buildRules = (
			);
			dependencies = (
			);
			name = "sevchat-app";
			packageProductDependencies = (
				F5C407732BD7806F00BF81F2 /* AuthFeature */,
			);
			productName = "sevchat-app";
			productReference = F5C407412BD6CA5900BF81F2 /* sevchat-app.app */;
			productType = "com.apple.product-type.application";
		};
		F5C407502BD6CA5A00BF81F2 /* sevchat-appTests */ = {
			isa = PBXNativeTarget;
			buildConfigurationList = F5C407682BD6CA5A00BF81F2 /* Build configuration list for PBXNativeTarget "sevchat-appTests" */;
			buildPhases = (
				F5C4074D2BD6CA5A00BF81F2 /* Sources */,
				F5C4074E2BD6CA5A00BF81F2 /* Frameworks */,
				F5C4074F2BD6CA5A00BF81F2 /* Resources */,
			);
			buildRules = (
			);
			dependencies = (
				F5C407532BD6CA5A00BF81F2 /* PBXTargetDependency */,
			);
			name = "sevchat-appTests";
			productName = "sevchat-appTests";
			productReference = F5C407512BD6CA5A00BF81F2 /* sevchat-appTests.xctest */;
			productType = "com.apple.product-type.bundle.unit-test";
		};
		F5C4075A2BD6CA5A00BF81F2 /* sevchat-appUITests */ = {
			isa = PBXNativeTarget;
			buildConfigurationList = F5C4076B2BD6CA5A00BF81F2 /* Build configuration list for PBXNativeTarget "sevchat-appUITests" */;
			buildPhases = (
				F5C407572BD6CA5A00BF81F2 /* Sources */,
				F5C407582BD6CA5A00BF81F2 /* Frameworks */,
				F5C407592BD6CA5A00BF81F2 /* Resources */,
			);
			buildRules = (
			);
			dependencies = (
				F5C4075D2BD6CA5A00BF81F2 /* PBXTargetDependency */,
			);
			name = "sevchat-appUITests";
			productName = "sevchat-appUITests";
			productReference = F5C4075B2BD6CA5A00BF81F2 /* sevchat-appUITests.xctest */;
			productType = "com.apple.product-type.bundle.ui-testing";
		};
/* End PBXNativeTarget section */

/* Begin PBXProject section */
		F5C407392BD6CA5900BF81F2 /* Project object */ = {
			isa = PBXProject;
			attributes = {
				BuildIndependentTargetsInParallel = 1;
				LastSwiftUpdateCheck = 1520;
				LastUpgradeCheck = 1520;
				TargetAttributes = {
					F5C407402BD6CA5900BF81F2 = {
						CreatedOnToolsVersion = 15.2;
					};
					F5C407502BD6CA5A00BF81F2 = {
						CreatedOnToolsVersion = 15.2;
						TestTargetID = F5C407402BD6CA5900BF81F2;
					};
					F5C4075A2BD6CA5A00BF81F2 = {
						CreatedOnToolsVersion = 15.2;
						TestTargetID = F5C407402BD6CA5900BF81F2;
					};
				};
			};
			buildConfigurationList = F5C4073C2BD6CA5900BF81F2 /* Build configuration list for PBXProject "sevchat-app" */;
			compatibilityVersion = "Xcode 14.0";
			developmentRegion = en;
			hasScannedForEncodings = 0;
			knownRegions = (
				en,
				Base,
			);
			mainGroup = F5C407382BD6CA5900BF81F2;
			packageReferences = (
				F5C4076E2BD77F1600BF81F2 /* XCLocalSwiftPackageReference "../core" */,
				F5C407722BD7806F00BF81F2 /* XCLocalSwiftPackageReference "../features" */,
			);
			productRefGroup = F5C407422BD6CA5900BF81F2 /* Products */;
			projectDirPath = "";
			projectRoot = "";
			targets = (
				F5C407402BD6CA5900BF81F2 /* sevchat-app */,
				F5C407502BD6CA5A00BF81F2 /* sevchat-appTests */,
				F5C4075A2BD6CA5A00BF81F2 /* sevchat-appUITests */,
			);
		};
/* End PBXProject section */

/* Begin PBXResourcesBuildPhase section */
		F5C4073F2BD6CA5900BF81F2 /* Resources */ = {
			isa = PBXResourcesBuildPhase;
			buildActionMask = 2147483647;
			files = (
				F5C4074C2BD6CA5A00BF81F2 /* Preview Assets.xcassets in Resources */,
				F5C407492BD6CA5A00BF81F2 /* Assets.xcassets in Resources */,
			);
			runOnlyForDeploymentPostprocessing = 0;
		};
		F5C4074F2BD6CA5A00BF81F2 /* Resources */ = {
			isa = PBXResourcesBuildPhase;
			buildActionMask = 2147483647;
			files = (
			);
			runOnlyForDeploymentPostprocessing = 0;
		};
		F5C407592BD6CA5A00BF81F2 /* Resources */ = {
			isa = PBXResourcesBuildPhase;
			buildActionMask = 2147483647;
			files = (
			);
			runOnlyForDeploymentPostprocessing = 0;
		};
/* End PBXResourcesBuildPhase section */

/* Begin PBXSourcesBuildPhase section */
		F5C4073D2BD6CA5900BF81F2 /* Sources */ = {
			isa = PBXSourcesBuildPhase;
			buildActionMask = 2147483647;
			files = (
				F5C407472BD6CA5900BF81F2 /* ContentView.swift in Sources */,
				F5C407452BD6CA5900BF81F2 /* sevchat_appApp.swift in Sources */,
			);
			runOnlyForDeploymentPostprocessing = 0;
		};
		F5C4074D2BD6CA5A00BF81F2 /* Sources */ = {
			isa = PBXSourcesBuildPhase;
			buildActionMask = 2147483647;
			files = (
				F5C407562BD6CA5A00BF81F2 /* sevchat_appTests.swift in Sources */,
			);
			runOnlyForDeploymentPostprocessing = 0;
		};
		F5C407572BD6CA5A00BF81F2 /* Sources */ = {
			isa = PBXSourcesBuildPhase;
			buildActionMask = 2147483647;
			files = (
				F5C407602BD6CA5A00BF81F2 /* sevchat_appUITests.swift in Sources */,
				F5C407622BD6CA5A00BF81F2 /* sevchat_appUITestsLaunchTests.swift in Sources */,
			);
			runOnlyForDeploymentPostprocessing = 0;
		};
/* End PBXSourcesBuildPhase section */

/* Begin PBXTargetDependency section */
		F5C407532BD6CA5A00BF81F2 /* PBXTargetDependency */ = {
			isa = PBXTargetDependency;
			target = F5C407402BD6CA5900BF81F2 /* sevchat-app */;
			targetProxy = F5C407522BD6CA5A00BF81F2 /* PBXContainerItemProxy */;
		};
		F5C4075D2BD6CA5A00BF81F2 /* PBXTargetDependency */ = {
			isa = PBXTargetDependency;
			target = F5C407402BD6CA5900BF81F2 /* sevchat-app */;
			targetProxy = F5C4075C2BD6CA5A00BF81F2 /* PBXContainerItemProxy */;
		};
/* End PBXTargetDependency section */

/* Begin XCBuildConfiguration section */
		F5C407632BD6CA5A00BF81F2 /* Debug */ = {
			isa = XCBuildConfiguration;
			buildSettings = {
				ALWAYS_SEARCH_USER_PATHS = NO;
				ASSETCATALOG_COMPILER_GENERATE_SWIFT_ASSET_SYMBOL_EXTENSIONS = YES;
				CLANG_ANALYZER_NONNULL = YES;
				CLANG_ANALYZER_NUMBER_OBJECT_CONVERSION = YES_AGGRESSIVE;
				CLANG_CXX_LANGUAGE_STANDARD = "gnu++20";
				CLANG_ENABLE_MODULES = YES;
				CLANG_ENABLE_OBJC_ARC = YES;
				CLANG_ENABLE_OBJC_WEAK = YES;
				CLANG_WARN_BLOCK_CAPTURE_AUTORELEASING = YES;
				CLANG_WARN_BOOL_CONVERSION = YES;
				CLANG_WARN_COMMA = YES;
				CLANG_WARN_CONSTANT_CONVERSION = YES;
				CLANG_WARN_DEPRECATED_OBJC_IMPLEMENTATIONS = YES;
				CLANG_WARN_DIRECT_OBJC_ISA_USAGE = YES_ERROR;
				CLANG_WARN_DOCUMENTATION_COMMENTS = YES;
				CLANG_WARN_EMPTY_BODY = YES;
				CLANG_WARN_ENUM_CONVERSION = YES;
				CLANG_WARN_INFINITE_RECURSION = YES;
				CLANG_WARN_INT_CONVERSION = YES;
				CLANG_WARN_NON_LITERAL_NULL_CONVERSION = YES;
				CLANG_WARN_OBJC_IMPLICIT_RETAIN_SELF = YES;
				CLANG_WARN_OBJC_LITERAL_CONVERSION = YES;
				CLANG_WARN_OBJC_ROOT_CLASS = YES_ERROR;
				CLANG_WARN_QUOTED_INCLUDE_IN_FRAMEWORK_HEADER = YES;
				CLANG_WARN_RANGE_LOOP_ANALYSIS = YES;
				CLANG_WARN_STRICT_PROTOTYPES = YES;
				CLANG_WARN_SUSPICIOUS_MOVE = YES;
				CLANG_WARN_UNGUARDED_AVAILABILITY = YES_AGGRESSIVE;
				CLANG_WARN_UNREACHABLE_CODE = YES;
				CLANG_WARN__DUPLICATE_METHOD_MATCH = YES;
				COPY_PHASE_STRIP = NO;
				DEBUG_INFORMATION_FORMAT = dwarf;
				ENABLE_STRICT_OBJC_MSGSEND = YES;
				ENABLE_TESTABILITY = YES;
				ENABLE_USER_SCRIPT_SANDBOXING = YES;
				GCC_C_LANGUAGE_STANDARD = gnu17;
				GCC_DYNAMIC_NO_PIC = NO;
				GCC_NO_COMMON_BLOCKS = YES;
				GCC_OPTIMIZATION_LEVEL = 0;
				GCC_PREPROCESSOR_DEFINITIONS = (
					"DEBUG=1",
					"$(inherited)",
				);
				GCC_WARN_64_TO_32_BIT_CONVERSION = YES;
				GCC_WARN_ABOUT_RETURN_TYPE = YES_ERROR;
				GCC_WARN_UNDECLARED_SELECTOR = YES;
				GCC_WARN_UNINITIALIZED_AUTOS = YES_AGGRESSIVE;
				GCC_WARN_UNUSED_FUNCTION = YES;
				GCC_WARN_UNUSED_VARIABLE = YES;
				IPHONEOS_DEPLOYMENT_TARGET = 17.2;
				LOCALIZATION_PREFERS_STRING_CATALOGS = YES;
				MTL_ENABLE_DEBUG_INFO = INCLUDE_SOURCE;
				MTL_FAST_MATH = YES;
				ONLY_ACTIVE_ARCH = YES;
				SDKROOT = iphoneos;
				SWIFT_ACTIVE_COMPILATION_CONDITIONS = "DEBUG $(inherited)";
				SWIFT_OPTIMIZATION_LEVEL = "-Onone";
			};
			name = Debug;
		};
		F5C407642BD6CA5A00BF81F2 /* Release */ = {
			isa = XCBuildConfiguration;
			buildSettings = {
				ALWAYS_SEARCH_USER_PATHS = NO;
				ASSETCATALOG_COMPILER_GENERATE_SWIFT_ASSET_SYMBOL_EXTENSIONS = YES;
				CLANG_ANALYZER_NONNULL = YES;
				CLANG_ANALYZER_NUMBER_OBJECT_CONVERSION = YES_AGGRESSIVE;
				CLANG_CXX_LANGUAGE_STANDARD = "gnu++20";
				CLANG_ENABLE_MODULES = YES;
				CLANG_ENABLE_OBJC_ARC = YES;
				CLANG_ENABLE_OBJC_WEAK = YES;
				CLANG_WARN_BLOCK_CAPTURE_AUTORELEASING = YES;
				CLANG_WARN_BOOL_CONVERSION = YES;
				CLANG_WARN_COMMA = YES;
				CLANG_WARN_CONSTANT_CONVERSION = YES;
				CLANG_WARN_DEPRECATED_OBJC_IMPLEMENTATIONS = YES;
				CLANG_WARN_DIRECT_OBJC_ISA_USAGE = YES_ERROR;
				CLANG_WARN_DOCUMENTATION_COMMENTS = YES;
				CLANG_WARN_EMPTY_BODY = YES;
				CLANG_WARN_ENUM_CONVERSION = YES;
				CLANG_WARN_INFINITE_RECURSION = YES;
				CLANG_WARN_INT_CONVERSION = YES;
				CLANG_WARN_NON_LITERAL_NULL_CONVERSION = YES;
				CLANG_WARN_OBJC_IMPLICIT_RETAIN_SELF = YES;
				CLANG_WARN_OBJC_LITERAL_CONVERSION = YES;
				CLANG_WARN_OBJC_ROOT_CLASS = YES_ERROR;
				CLANG_WARN_QUOTED_INCLUDE_IN_FRAMEWORK_HEADER = YES;
				CLANG_WARN_RANGE_LOOP_ANALYSIS = YES;
				CLANG_WARN_STRICT_PROTOTYPES = YES;
				CLANG_WARN_SUSPICIOUS_MOVE = YES;
				CLANG_WARN_UNGUARDED_AVAILABILITY = YES_AGGRESSIVE;
				CLANG_WARN_UNREACHABLE_CODE = YES;
				CLANG_WARN__DUPLICATE_METHOD_MATCH = YES;
				COPY_PHASE_STRIP = NO;
				DEBUG_INFORMATION_FORMAT = "dwarf-with-dsym";
				ENABLE_NS_ASSERTIONS = NO;
				ENABLE_STRICT_OBJC_MSGSEND = YES;
				ENABLE_USER_SCRIPT_SANDBOXING = YES;
				GCC_C_LANGUAGE_STANDARD = gnu17;
				GCC_NO_COMMON_BLOCKS = YES;
				GCC_WARN_64_TO_32_BIT_CONVERSION = YES;
				GCC_WARN_ABOUT_RETURN_TYPE = YES_ERROR;
				GCC_WARN_UNDECLARED_SELECTOR = YES;
				GCC_WARN_UNINITIALIZED_AUTOS = YES_AGGRESSIVE;
				GCC_WARN_UNUSED_FUNCTION = YES;
				GCC_WARN_UNUSED_VARIABLE = YES;
				IPHONEOS_DEPLOYMENT_TARGET = 17.2;
				LOCALIZATION_PREFERS_STRING_CATALOGS = YES;
				MTL_ENABLE_DEBUG_INFO = NO;
				MTL_FAST_MATH = YES;
				SDKROOT = iphoneos;
				SWIFT_COMPILATION_MODE = wholemodule;
				VALIDATE_PRODUCT = YES;
			};
			name = Release;
		};
		F5C407662BD6CA5A00BF81F2 /* Debug */ = {
			isa = XCBuildConfiguration;
			buildSettings = {
				ASSETCATALOG_COMPILER_APPICON_NAME = AppIcon;
				ASSETCATALOG_COMPILER_GLOBAL_ACCENT_COLOR_NAME = AccentColor;
				CODE_SIGN_STYLE = Automatic;
				CURRENT_PROJECT_VERSION = 1;
				DEVELOPMENT_ASSET_PATHS = "\"sevchat-app/Preview Content\"";
				DEVELOPMENT_TEAM = W6PRG52CXX;
				ENABLE_PREVIEWS = YES;
				GENERATE_INFOPLIST_FILE = YES;
				INFOPLIST_FILE = "sevchat-app/Info.plist";
				INFOPLIST_KEY_CFBundleDisplayName = ChatIS;
				INFOPLIST_KEY_LSApplicationCategoryType = "public.app-category.social-networking";
				INFOPLIST_KEY_UIApplicationSceneManifest_Generation = YES;
				INFOPLIST_KEY_UIApplicationSupportsIndirectInputEvents = YES;
				INFOPLIST_KEY_UISupportedInterfaceOrientations_iPad = "UIInterfaceOrientationPortrait UIInterfaceOrientationPortraitUpsideDown UIInterfaceOrientationLandscapeLeft UIInterfaceOrientationLandscapeRight";
				INFOPLIST_KEY_UISupportedInterfaceOrientations_iPhone = "UIInterfaceOrientationPortrait UIInterfaceOrientationLandscapeLeft UIInterfaceOrientationLandscapeRight";
				IPHONEOS_DEPLOYMENT_TARGET = 16.0;
				LD_RUNPATH_SEARCH_PATHS = (
					"$(inherited)",
					"@executable_path/Frameworks",
				);
				MARKETING_VERSION = 1.0;
				PRODUCT_BUNDLE_IDENTIFIER = "io.sevchat.sevchat-app";
				PRODUCT_NAME = "$(TARGET_NAME)";
				SUPPORTED_PLATFORMS = "iphoneos iphonesimulator";
				SUPPORTS_MACCATALYST = NO;
				SUPPORTS_MAC_DESIGNED_FOR_IPHONE_IPAD = NO;
				SUPPORTS_XR_DESIGNED_FOR_IPHONE_IPAD = NO;
				SWIFT_EMIT_LOC_STRINGS = YES;
				SWIFT_VERSION = 5.0;
				TARGETED_DEVICE_FAMILY = "1,2";
			};
			name = Debug;
		};
		F5C407672BD6CA5A00BF81F2 /* Release */ = {
			isa = XCBuildConfiguration;
			buildSettings = {
				ASSETCATALOG_COMPILER_APPICON_NAME = AppIcon;
				ASSETCATALOG_COMPILER_GLOBAL_ACCENT_COLOR_NAME = AccentColor;
				CODE_SIGN_STYLE = Automatic;
				CURRENT_PROJECT_VERSION = 1;
				DEVELOPMENT_ASSET_PATHS = "\"sevchat-app/Preview Content\"";
				DEVELOPMENT_TEAM = W6PRG52CXX;
				ENABLE_PREVIEWS = YES;
				GENERATE_INFOPLIST_FILE = YES;
				INFOPLIST_FILE = "sevchat-app/Info.plist";
				INFOPLIST_KEY_CFBundleDisplayName = ChatIS;
				INFOPLIST_KEY_LSApplicationCategoryType = "public.app-category.social-networking";
				INFOPLIST_KEY_UIApplicationSceneManifest_Generation = YES;
				INFOPLIST_KEY_UIApplicationSupportsIndirectInputEvents = YES;
				INFOPLIST_KEY_UISupportedInterfaceOrientations_iPad = "UIInterfaceOrientationPortrait UIInterfaceOrientationPortraitUpsideDown UIInterfaceOrientationLandscapeLeft UIInterfaceOrientationLandscapeRight";
				INFOPLIST_KEY_UISupportedInterfaceOrientations_iPhone = "UIInterfaceOrientationPortrait UIInterfaceOrientationLandscapeLeft UIInterfaceOrientationLandscapeRight";
				IPHONEOS_DEPLOYMENT_TARGET = 16.0;
				LD_RUNPATH_SEARCH_PATHS = (
					"$(inherited)",
					"@executable_path/Frameworks",
				);
				MARKETING_VERSION = 1.0;
				PRODUCT_BUNDLE_IDENTIFIER = "io.sevchat.sevchat-app";
				PRODUCT_NAME = "$(TARGET_NAME)";
				SUPPORTED_PLATFORMS = "iphoneos iphonesimulator";
				SUPPORTS_MACCATALYST = NO;
				SUPPORTS_MAC_DESIGNED_FOR_IPHONE_IPAD = NO;
				SUPPORTS_XR_DESIGNED_FOR_IPHONE_IPAD = NO;
				SWIFT_EMIT_LOC_STRINGS = YES;
				SWIFT_VERSION = 5.0;
				TARGETED_DEVICE_FAMILY = "1,2";
			};
			name = Release;
		};
		F5C407692BD6CA5A00BF81F2 /* Debug */ = {
			isa = XCBuildConfiguration;
			buildSettings = {
				ALWAYS_EMBED_SWIFT_STANDARD_LIBRARIES = YES;
				BUNDLE_LOADER = "$(TEST_HOST)";
				CODE_SIGN_STYLE = Automatic;
				CURRENT_PROJECT_VERSION = 1;
				GENERATE_INFOPLIST_FILE = YES;
				IPHONEOS_DEPLOYMENT_TARGET = 17.2;
				MARKETING_VERSION = 1.0;
				PRODUCT_BUNDLE_IDENTIFIER = "io.sevchat.sevchat-appTests";
				PRODUCT_NAME = "$(TARGET_NAME)";
				SWIFT_EMIT_LOC_STRINGS = NO;
				SWIFT_VERSION = 5.0;
				TARGETED_DEVICE_FAMILY = "1,2";
				TEST_HOST = "$(BUILT_PRODUCTS_DIR)/sevchat-app.app/$(BUNDLE_EXECUTABLE_FOLDER_PATH)/sevchat-app";
			};
			name = Debug;
		};
		F5C4076A2BD6CA5A00BF81F2 /* Release */ = {
			isa = XCBuildConfiguration;
			buildSettings = {
				ALWAYS_EMBED_SWIFT_STANDARD_LIBRARIES = YES;
				BUNDLE_LOADER = "$(TEST_HOST)";
				CODE_SIGN_STYLE = Automatic;
				CURRENT_PROJECT_VERSION = 1;
				GENERATE_INFOPLIST_FILE = YES;
				IPHONEOS_DEPLOYMENT_TARGET = 17.2;
				MARKETING_VERSION = 1.0;
				PRODUCT_BUNDLE_IDENTIFIER = "io.sevchat.sevchat-appTests";
				PRODUCT_NAME = "$(TARGET_NAME)";
				SWIFT_EMIT_LOC_STRINGS = NO;
				SWIFT_VERSION = 5.0;
				TARGETED_DEVICE_FAMILY = "1,2";
				TEST_HOST = "$(BUILT_PRODUCTS_DIR)/sevchat-app.app/$(BUNDLE_EXECUTABLE_FOLDER_PATH)/sevchat-app";
			};
			name = Release;
		};
		F5C4076C2BD6CA5A00BF81F2 /* Debug */ = {
			isa = XCBuildConfiguration;
			buildSettings = {
				ALWAYS_EMBED_SWIFT_STANDARD_LIBRARIES = YES;
				CODE_SIGN_STYLE = Automatic;
				CURRENT_PROJECT_VERSION = 1;
				GENERATE_INFOPLIST_FILE = YES;
				MARKETING_VERSION = 1.0;
				PRODUCT_BUNDLE_IDENTIFIER = "io.sevchat.sevchat-appUITests";
				PRODUCT_NAME = "$(TARGET_NAME)";
				SWIFT_EMIT_LOC_STRINGS = NO;
				SWIFT_VERSION = 5.0;
				TARGETED_DEVICE_FAMILY = "1,2";
				TEST_TARGET_NAME = "sevchat-app";
			};
			name = Debug;
		};
		F5C4076D2BD6CA5A00BF81F2 /* Release */ = {
			isa = XCBuildConfiguration;
			buildSettings = {
				ALWAYS_EMBED_SWIFT_STANDARD_LIBRARIES = YES;
				CODE_SIGN_STYLE = Automatic;
				CURRENT_PROJECT_VERSION = 1;
				GENERATE_INFOPLIST_FILE = YES;
				MARKETING_VERSION = 1.0;
				PRODUCT_BUNDLE_IDENTIFIER = "io.sevchat.sevchat-appUITests";
				PRODUCT_NAME = "$(TARGET_NAME)";
				SWIFT_EMIT_LOC_STRINGS = NO;
				SWIFT_VERSION = 5.0;
				TARGETED_DEVICE_FAMILY = "1,2";
				TEST_TARGET_NAME = "sevchat-app";
			};
			name = Release;
		};
/* End XCBuildConfiguration section */

/* Begin XCConfigurationList section */
		F5C4073C2BD6CA5900BF81F2 /* Build configuration list for PBXProject "sevchat-app" */ = {
			isa = XCConfigurationList;
			buildConfigurations = (
				F5C407632BD6CA5A00BF81F2 /* Debug */,
				F5C407642BD6CA5A00BF81F2 /* Release */,
			);
			defaultConfigurationIsVisible = 0;
			defaultConfigurationName = Release;
		};
		F5C407652BD6CA5A00BF81F2 /* Build configuration list for PBXNativeTarget "sevchat-app" */ = {
			isa = XCConfigurationList;
			buildConfigurations = (
				F5C407662BD6CA5A00BF81F2 /* Debug */,
				F5C407672BD6CA5A00BF81F2 /* Release */,
			);
			defaultConfigurationIsVisible = 0;
			defaultConfigurationName = Release;
		};
		F5C407682BD6CA5A00BF81F2 /* Build configuration list for PBXNativeTarget "sevchat-appTests" */ = {
			isa = XCConfigurationList;
			buildConfigurations = (
				F5C407692BD6CA5A00BF81F2 /* Debug */,
				F5C4076A2BD6CA5A00BF81F2 /* Release */,
			);
			defaultConfigurationIsVisible = 0;
			defaultConfigurationName = Release;
		};
		F5C4076B2BD6CA5A00BF81F2 /* Build configuration list for PBXNativeTarget "sevchat-appUITests" */ = {
			isa = XCConfigurationList;
			buildConfigurations = (
				F5C4076C2BD6CA5A00BF81F2 /* Debug */,
				F5C4076D2BD6CA5A00BF81F2 /* Release */,
			);
			defaultConfigurationIsVisible = 0;
			defaultConfigurationName = Release;
		};
/* End XCConfigurationList section */

/* Begin XCLocalSwiftPackageReference section */
		F5C4076E2BD77F1600BF81F2 /* XCLocalSwiftPackageReference "../core" */ = {
			isa = XCLocalSwiftPackageReference;
			relativePath = ../core;
		};
		F5C407722BD7806F00BF81F2 /* XCLocalSwiftPackageReference "../features" */ = {
			isa = XCLocalSwiftPackageReference;
			relativePath = ../features;
		};
/* End XCLocalSwiftPackageReference section */

/* Begin XCSwiftPackageProductDependency section */
		F5C407732BD7806F00BF81F2 /* AuthFeature */ = {
			isa = XCSwiftPackageProductDependency;
			productName = AuthFeature;
		};
/* End XCSwiftPackageProductDependency section */
	};
	rootObject = F5C407392BD6CA5900BF81F2 /* Project object */;
}
